
Microsoft Visual Studio Solution File, Format Version 12.00
# Visual Studio Version 16
VisualStudioVersion = 16.0.29324.140
MinimumVisualStudioVersion = 10.0.40219.1
Project("{FAE04EC0-301F-11D3-BF4B-00C04F79EFBC}") = "Console", "MidiPlayground\Console.csproj", "{B1459878-B1AB-4A9B-85B3-9E481D437FEC}"
EndProject
Project("{FAE04EC0-301F-11D3-BF4B-00C04F79EFBC}") = "Keys", "Keys\Keys.csproj", "{6863BEAC-1613-4DAB-BD9E-3C51708F2BD0}"
EndProject
Project("{FAE04EC0-301F-11D3-BF4B-00C04F79EFBC}") = "UI", "FlashCards\UI.csproj", "{F6C3D67B-78BF-4A00-8641-68B9CD910C50}"
EndProject
Project("{FAE04EC0-301F-11D3-BF4B-00C04F79EFBC}") = "MidiKeyboard", "MidiKeyboard\MidiKeyboard.csproj", "{7C4CB4C5-3C47-4CF7-9363-F352F924F475}"
EndProject
Project("{FAE04EC0-301F-11D3-BF4B-00C04F79EFBC}") = "KeysUnitTests", "KeysUnitTests\KeysUnitTests.csproj", "{196AC710-8BCB-4FD9-8887-2C3A85C083ED}"
EndProject
Project("{2150E333-8FDC-42A3-9474-1A3956D46DE8}") = "Keys", "Keys", "{581A213F-D774-4610-8359-4E9B5151F503}"
EndProject
Project("{2150E333-8FDC-42A3-9474-1A3956D46DE8}") = "Front Ends", "Front Ends", "{EE7E17BB-6219-4D7E-94F0-4F939B4DF1B3}"
EndProject
Global
	GlobalSection(SolutionConfigurationPlatforms) = preSolution
		Debug|Any CPU = Debug|Any CPU
		Debug|ARM = Debug|ARM
		Debug|ARM64 = Debug|ARM64
		Debug|x64 = Debug|x64
		Debug|x86 = Debug|x86
		Release|Any CPU = Release|Any CPU
		Release|ARM = Release|ARM
		Release|ARM64 = Release|ARM64
		Release|x64 = Release|x64
		Release|x86 = Release|x86
	EndGlobalSection
	GlobalSection(ProjectConfigurationPlatforms) = postSolution
		{B1459878-B1AB-4A9B-85B3-9E481D437FEC}.Debug|Any CPU.ActiveCfg = Debug|Any CPU
		{B1459878-B1AB-4A9B-85B3-9E481D437FEC}.Debug|Any CPU.Build.0 = Debug|Any CPU
		{B1459878-B1AB-4A9B-85B3-9E481D437FEC}.Debug|ARM.ActiveCfg = Debug|Any CPU
		{B1459878-B1AB-4A9B-85B3-9E481D437FEC}.Debug|ARM.Build.0 = Debug|Any CPU
		{B1459878-B1AB-4A9B-85B3-9E481D437FEC}.Debug|ARM64.ActiveCfg = Debug|Any CPU
		{B1459878-B1AB-4A9B-85B3-9E481D437FEC}.Debug|ARM64.Build.0 = Debug|Any CPU
		{B1459878-B1AB-4A9B-85B3-9E481D437FEC}.Debug|x64.ActiveCfg = Debug|Any CPU
		{B1459878-B1AB-4A9B-85B3-9E481D437FEC}.Debug|x64.Build.0 = Debug|Any CPU
		{B1459878-B1AB-4A9B-85B3-9E481D437FEC}.Debug|x86.ActiveCfg = Debug|Any CPU
		{B1459878-B1AB-4A9B-85B3-9E481D437FEC}.Debug|x86.Build.0 = Debug|Any CPU
		{B1459878-B1AB-4A9B-85B3-9E481D437FEC}.Release|Any CPU.ActiveCfg = Release|Any CPU
		{B1459878-B1AB-4A9B-85B3-9E481D437FEC}.Release|Any CPU.Build.0 = Release|Any CPU
		{B1459878-B1AB-4A9B-85B3-9E481D437FEC}.Release|ARM.ActiveCfg = Release|Any CPU
		{B1459878-B1AB-4A9B-85B3-9E481D437FEC}.Release|ARM.Build.0 = Release|Any CPU
		{B1459878-B1AB-4A9B-85B3-9E481D437FEC}.Release|ARM64.ActiveCfg = Release|Any CPU
		{B1459878-B1AB-4A9B-85B3-9E481D437FEC}.Release|ARM64.Build.0 = Release|Any CPU
		{B1459878-B1AB-4A9B-85B3-9E481D437FEC}.Release|x64.ActiveCfg = Release|Any CPU
		{B1459878-B1AB-4A9B-85B3-9E481D437FEC}.Release|x64.Build.0 = Release|Any CPU
		{B1459878-B1AB-4A9B-85B3-9E481D437FEC}.Release|x86.ActiveCfg = Release|Any CPU
		{B1459878-B1AB-4A9B-85B3-9E481D437FEC}.Release|x86.Build.0 = Release|Any CPU
		{6863BEAC-1613-4DAB-BD9E-3C51708F2BD0}.Debug|Any CPU.ActiveCfg = Debug|Any CPU
		{6863BEAC-1613-4DAB-BD9E-3C51708F2BD0}.Debug|Any CPU.Build.0 = Debug|Any CPU
		{6863BEAC-1613-4DAB-BD9E-3C51708F2BD0}.Debug|ARM.ActiveCfg = Debug|Any CPU
		{6863BEAC-1613-4DAB-BD9E-3C51708F2BD0}.Debug|ARM.Build.0 = Debug|Any CPU
		{6863BEAC-1613-4DAB-BD9E-3C51708F2BD0}.Debug|ARM64.ActiveCfg = Debug|Any CPU
		{6863BEAC-1613-4DAB-BD9E-3C51708F2BD0}.Debug|ARM64.Build.0 = Debug|Any CPU
		{6863BEAC-1613-4DAB-BD9E-3C51708F2BD0}.Debug|x64.ActiveCfg = Debug|Any CPU
		{6863BEAC-1613-4DAB-BD9E-3C51708F2BD0}.Debug|x64.Build.0 = Debug|Any CPU
		{6863BEAC-1613-4DAB-BD9E-3C51708F2BD0}.Debug|x86.ActiveCfg = Debug|Any CPU
		{6863BEAC-1613-4DAB-BD9E-3C51708F2BD0}.Debug|x86.Build.0 = Debug|Any CPU
		{6863BEAC-1613-4DAB-BD9E-3C51708F2BD0}.Release|Any CPU.ActiveCfg = Release|Any CPU
		{6863BEAC-1613-4DAB-BD9E-3C51708F2BD0}.Release|Any CPU.Build.0 = Release|Any CPU
		{6863BEAC-1613-4DAB-BD9E-3C51708F2BD0}.Release|ARM.ActiveCfg = Release|Any CPU
		{6863BEAC-1613-4DAB-BD9E-3C51708F2BD0}.Release|ARM.Build.0 = Release|Any CPU
		{6863BEAC-1613-4DAB-BD9E-3C51708F2BD0}.Release|ARM64.ActiveCfg = Release|Any CPU
		{6863BEAC-1613-4DAB-BD9E-3C51708F2BD0}.Release|ARM64.Build.0 = Release|Any CPU
		{6863BEAC-1613-4DAB-BD9E-3C51708F2BD0}.Release|x64.ActiveCfg = Release|Any CPU
		{6863BEAC-1613-4DAB-BD9E-3C51708F2BD0}.Release|x64.Build.0 = Release|Any CPU
		{6863BEAC-1613-4DAB-BD9E-3C51708F2BD0}.Release|x86.ActiveCfg = Release|Any CPU
		{6863BEAC-1613-4DAB-BD9E-3C51708F2BD0}.Release|x86.Build.0 = Release|Any CPU
		{F6C3D67B-78BF-4A00-8641-68B9CD910C50}.Debug|Any CPU.ActiveCfg = Debug|Any CPU
		{F6C3D67B-78BF-4A00-8641-68B9CD910C50}.Debug|Any CPU.Build.0 = Debug|Any CPU
		{F6C3D67B-78BF-4A00-8641-68B9CD910C50}.Debug|ARM.ActiveCfg = Debug|Any CPU
		{F6C3D67B-78BF-4A00-8641-68B9CD910C50}.Debug|ARM.Build.0 = Debug|Any CPU
		{F6C3D67B-78BF-4A00-8641-68B9CD910C50}.Debug|ARM64.ActiveCfg = Debug|Any CPU
		{F6C3D67B-78BF-4A00-8641-68B9CD910C50}.Debug|ARM64.Build.0 = Debug|Any CPU
		{F6C3D67B-78BF-4A00-8641-68B9CD910C50}.Debug|x64.ActiveCfg = Debug|Any CPU
		{F6C3D67B-78BF-4A00-8641-68B9CD910C50}.Debug|x64.Build.0 = Debug|Any CPU
		{F6C3D67B-78BF-4A00-8641-68B9CD910C50}.Debug|x86.ActiveCfg = Debug|Any CPU
		{F6C3D67B-78BF-4A00-8641-68B9CD910C50}.Debug|x86.Build.0 = Debug|Any CPU
		{F6C3D67B-78BF-4A00-8641-68B9CD910C50}.Release|Any CPU.ActiveCfg = Release|Any CPU
		{F6C3D67B-78BF-4A00-8641-68B9CD910C50}.Release|Any CPU.Build.0 = Release|Any CPU
		{F6C3D67B-78BF-4A00-8641-68B9CD910C50}.Release|ARM.ActiveCfg = Release|Any CPU
		{F6C3D67B-78BF-4A00-8641-68B9CD910C50}.Release|ARM.Build.0 = Release|Any CPU
		{F6C3D67B-78BF-4A00-8641-68B9CD910C50}.Release|ARM64.ActiveCfg = Release|Any CPU
		{F6C3D67B-78BF-4A00-8641-68B9CD910C50}.Release|ARM64.Build.0 = Release|Any CPU
		{F6C3D67B-78BF-4A00-8641-68B9CD910C50}.Release|x64.ActiveCfg = Release|Any CPU
		{F6C3D67B-78BF-4A00-8641-68B9CD910C50}.Release|x64.Build.0 = Release|Any CPU
		{F6C3D67B-78BF-4A00-8641-68B9CD910C50}.Release|x86.ActiveCfg = Release|Any CPU
		{F6C3D67B-78BF-4A00-8641-68B9CD910C50}.Release|x86.Build.0 = Release|Any CPU
		{7C4CB4C5-3C47-4CF7-9363-F352F924F475}.Debug|Any CPU.ActiveCfg = Debug|Any CPU
		{7C4CB4C5-3C47-4CF7-9363-F352F924F475}.Debug|Any CPU.Build.0 = Debug|Any CPU
		{7C4CB4C5-3C47-4CF7-9363-F352F924F475}.Debug|ARM.ActiveCfg = Debug|Any CPU
		{7C4CB4C5-3C47-4CF7-9363-F352F924F475}.Debug|ARM.Build.0 = Debug|Any CPU
		{7C4CB4C5-3C47-4CF7-9363-F352F924F475}.Debug|ARM64.ActiveCfg = Debug|Any CPU
		{7C4CB4C5-3C47-4CF7-9363-F352F924F475}.Debug|ARM64.Build.0 = Debug|Any CPU
		{7C4CB4C5-3C47-4CF7-9363-F352F924F475}.Debug|x64.ActiveCfg = Debug|Any CPU
		{7C4CB4C5-3C47-4CF7-9363-F352F924F475}.Debug|x64.Build.0 = Debug|Any CPU
		{7C4CB4C5-3C47-4CF7-9363-F352F924F475}.Debug|x86.ActiveCfg = Debug|Any CPU
		{7C4CB4C5-3C47-4CF7-9363-F352F924F475}.Debug|x86.Build.0 = Debug|Any CPU
		{7C4CB4C5-3C47-4CF7-9363-F352F924F475}.Release|Any CPU.ActiveCfg = Release|Any CPU
		{7C4CB4C5-3C47-4CF7-9363-F352F924F475}.Release|Any CPU.Build.0 = Release|Any CPU
		{7C4CB4C5-3C47-4CF7-9363-F352F924F475}.Release|ARM.ActiveCfg = Release|Any CPU
		{7C4CB4C5-3C47-4CF7-9363-F352F924F475}.Release|ARM.Build.0 = Release|Any CPU
		{7C4CB4C5-3C47-4CF7-9363-F352F924F475}.Release|ARM64.ActiveCfg = Release|Any CPU
		{7C4CB4C5-3C47-4CF7-9363-F352F924F475}.Release|ARM64.Build.0 = Release|Any CPU
		{7C4CB4C5-3C47-4CF7-9363-F352F924F475}.Release|x64.ActiveCfg = Release|Any CPU
		{7C4CB4C5-3C47-4CF7-9363-F352F924F475}.Release|x64.Build.0 = Release|Any CPU
		{7C4CB4C5-3C47-4CF7-9363-F352F924F475}.Release|x86.ActiveCfg = Release|Any CPU
		{7C4CB4C5-3C47-4CF7-9363-F352F924F475}.Release|x86.Build.0 = Release|Any CPU
		{196AC710-8BCB-4FD9-8887-2C3A85C083ED}.Debug|Any CPU.ActiveCfg = Debug|Any CPU
		{196AC710-8BCB-4FD9-8887-2C3A85C083ED}.Debug|Any CPU.Build.0 = Debug|Any CPU
		{196AC710-8BCB-4FD9-8887-2C3A85C083ED}.Debug|ARM.ActiveCfg = Debug|Any CPU
		{196AC710-8BCB-4FD9-8887-2C3A85C083ED}.Debug|ARM.Build.0 = Debug|Any CPU
		{196AC710-8BCB-4FD9-8887-2C3A85C083ED}.Debug|ARM64.ActiveCfg = Debug|Any CPU
		{196AC710-8BCB-4FD9-8887-2C3A85C083ED}.Debug|ARM64.Build.0 = Debug|Any CPU
		{196AC710-8BCB-4FD9-8887-2C3A85C083ED}.Debug|x64.ActiveCfg = Debug|Any CPU
		{196AC710-8BCB-4FD9-8887-2C3A85C083ED}.Debug|x64.Build.0 = Debug|Any CPU
		{196AC710-8BCB-4FD9-8887-2C3A85C083ED}.Debug|x86.ActiveCfg = Debug|Any CPU
		{196AC710-8BCB-4FD9-8887-2C3A85C083ED}.Debug|x86.Build.0 = Debug|Any CPU
		{196AC710-8BCB-4FD9-8887-2C3A85C083ED}.Release|Any CPU.ActiveCfg = Release|Any CPU
		{196AC710-8BCB-4FD9-8887-2C3A85C083ED}.Release|Any CPU.Build.0 = Release|Any CPU
		{196AC710-8BCB-4FD9-8887-2C3A85C083ED}.Release|ARM.ActiveCfg = Release|Any CPU
		{196AC710-8BCB-4FD9-8887-2C3A85C083ED}.Release|ARM.Build.0 = Release|Any CPU
		{196AC710-8BCB-4FD9-8887-2C3A85C083ED}.Release|ARM64.ActiveCfg = Release|Any CPU
		{196AC710-8BCB-4FD9-8887-2C3A85C083ED}.Release|ARM64.Build.0 = Release|Any CPU
		{196AC710-8BCB-4FD9-8887-2C3A85C083ED}.Release|x64.ActiveCfg = Release|Any CPU
		{196AC710-8BCB-4FD9-8887-2C3A85C083ED}.Release|x64.Build.0 = Release|Any CPU
		{196AC710-8BCB-4FD9-8887-2C3A85C083ED}.Release|x86.ActiveCfg = Release|Any CPU
		{196AC710-8BCB-4FD9-8887-2C3A85C083ED}.Release|x86.Build.0 = Release|Any CPU
	EndGlobalSection
	GlobalSection(SolutionProperties) = preSolution
		HideSolutionNode = FALSE
	EndGlobalSection
	GlobalSection(NestedProjects) = preSolution
		{B1459878-B1AB-4A9B-85B3-9E481D437FEC} = {EE7E17BB-6219-4D7E-94F0-4F939B4DF1B3}
		{6863BEAC-1613-4DAB-BD9E-3C51708F2BD0} = {581A213F-D774-4610-8359-4E9B5151F503}
		{F6C3D67B-78BF-4A00-8641-68B9CD910C50} = {EE7E17BB-6219-4D7E-94F0-4F939B4DF1B3}
		{196AC710-8BCB-4FD9-8887-2C3A85C083ED} = {581A213F-D774-4610-8359-4E9B5151F503}
	EndGlobalSection
	GlobalSection(ExtensibilityGlobals) = postSolution
		SolutionGuid = {EAAE48FD-029A-4283-9B4F-4EC8B2E391E3}
	EndGlobalSection
EndGlobal
