
Microsoft Visual Studio Solution File, Format Version 12.00
# Visual Studio 15
VisualStudioVersion = 15.0.28307.705
MinimumVisualStudioVersion = 10.0.40219.1
Project("{FAE04EC0-301F-11D3-BF4B-00C04F79EFBC}") = "MidPlayground", "MidPlayground\MidPlayground.csproj", "{B1459878-B1AB-4A9B-85B3-9E481D437FEC}"
EndProject
Global
	GlobalSection(SolutionConfigurationPlatforms) = preSolution
		Debug|Any CPU = Debug|Any CPU
		Release|Any CPU = Release|Any CPU
	EndGlobalSection
	GlobalSection(ProjectConfigurationPlatforms) = postSolution
		{B1459878-B1AB-4A9B-85B3-9E481D437FEC}.Debug|Any CPU.ActiveCfg = Debug|Any CPU
		{B1459878-B1AB-4A9B-85B3-9E481D437FEC}.Debug|Any CPU.Build.0 = Debug|Any CPU
		{B1459878-B1AB-4A9B-85B3-9E481D437FEC}.Release|Any CPU.ActiveCfg = Release|Any CPU
		{B1459878-B1AB-4A9B-85B3-9E481D437FEC}.Release|Any CPU.Build.0 = Release|Any CPU
	EndGlobalSection
	GlobalSection(SolutionProperties) = preSolution
		HideSolutionNode = FALSE
	EndGlobalSection
	GlobalSection(ExtensibilityGlobals) = postSolution
		SolutionGuid = {EAAE48FD-029A-4283-9B4F-4EC8B2E391E3}
	EndGlobalSection
EndGlobal
